
Microsoft Visual Studio Solution File, Format Version 12.00
# Visual Studio Version 17
VisualStudioVersion = 17.5.33530.505
MinimumVisualStudioVersion = 10.0.40219.1
Project("{9A19103F-16F7-4668-BE54-9A1E7A4F7556}") = "Html2Text", "Html2Text\Html2Text.csproj", "{F2A52BF6-A9C9-4489-9D9F-879676958395}"
EndProject
Project("{FAE04EC0-301F-11D3-BF4B-00C04F79EFBC}") = "Html2Text.Tests", "Html2Text.Tests\Html2Text.Tests.csproj", "{05527D79-9DEA-4F93-BE1D-EB91377C35DB}"
EndProject
Project("{FAE04EC0-301F-11D3-BF4B-00C04F79EFBC}") = "Html2Text.PerfTests", "Html2Text.PerfTests\Html2Text.PerfTests.csproj", "{B2FF9EDC-5290-43C0-96A8-030126DCCE75}"
EndProject
Project("{FAE04EC0-301F-11D3-BF4B-00C04F79EFBC}") = "Html2Text.Example", "Html2Text.Example\Html2Text.Example.csproj", "{96C3F06B-8C22-4BA8-8A11-BFECC53CC8BB}"
EndProject
Project("{FAE04EC0-301F-11D3-BF4B-00C04F79EFBC}") = "Html2Text.RegressionTests", "Html2Text.RegressionTests\Html2Text.RegressionTests.csproj", "{28FE44AD-0B07-4EC6-8368-594FDB03C671}"
EndProject
Global
	GlobalSection(SolutionConfigurationPlatforms) = preSolution
		Debug|Any CPU = Debug|Any CPU
		Release|Any CPU = Release|Any CPU
	EndGlobalSection
	GlobalSection(ProjectConfigurationPlatforms) = postSolution
		{F2A52BF6-A9C9-4489-9D9F-879676958395}.Debug|Any CPU.ActiveCfg = Debug|Any CPU
		{F2A52BF6-A9C9-4489-9D9F-879676958395}.Debug|Any CPU.Build.0 = Debug|Any CPU
		{F2A52BF6-A9C9-4489-9D9F-879676958395}.Release|Any CPU.ActiveCfg = Release|Any CPU
		{F2A52BF6-A9C9-4489-9D9F-879676958395}.Release|Any CPU.Build.0 = Release|Any CPU
		{05527D79-9DEA-4F93-BE1D-EB91377C35DB}.Debug|Any CPU.ActiveCfg = Debug|Any CPU
		{05527D79-9DEA-4F93-BE1D-EB91377C35DB}.Debug|Any CPU.Build.0 = Debug|Any CPU
		{05527D79-9DEA-4F93-BE1D-EB91377C35DB}.Release|Any CPU.ActiveCfg = Release|Any CPU
		{05527D79-9DEA-4F93-BE1D-EB91377C35DB}.Release|Any CPU.Build.0 = Release|Any CPU
		{B2FF9EDC-5290-43C0-96A8-030126DCCE75}.Debug|Any CPU.ActiveCfg = Debug|Any CPU
		{B2FF9EDC-5290-43C0-96A8-030126DCCE75}.Debug|Any CPU.Build.0 = Debug|Any CPU
		{B2FF9EDC-5290-43C0-96A8-030126DCCE75}.Release|Any CPU.ActiveCfg = Release|Any CPU
		{B2FF9EDC-5290-43C0-96A8-030126DCCE75}.Release|Any CPU.Build.0 = Release|Any CPU
		{96C3F06B-8C22-4BA8-8A11-BFECC53CC8BB}.Debug|Any CPU.ActiveCfg = Debug|Any CPU
		{96C3F06B-8C22-4BA8-8A11-BFECC53CC8BB}.Debug|Any CPU.Build.0 = Debug|Any CPU
		{96C3F06B-8C22-4BA8-8A11-BFECC53CC8BB}.Release|Any CPU.ActiveCfg = Release|Any CPU
		{96C3F06B-8C22-4BA8-8A11-BFECC53CC8BB}.Release|Any CPU.Build.0 = Release|Any CPU
		{28FE44AD-0B07-4EC6-8368-594FDB03C671}.Debug|Any CPU.ActiveCfg = Debug|Any CPU
		{28FE44AD-0B07-4EC6-8368-594FDB03C671}.Debug|Any CPU.Build.0 = Debug|Any CPU
		{28FE44AD-0B07-4EC6-8368-594FDB03C671}.Release|Any CPU.ActiveCfg = Release|Any CPU
		{28FE44AD-0B07-4EC6-8368-594FDB03C671}.Release|Any CPU.Build.0 = Release|Any CPU
	EndGlobalSection
	GlobalSection(SolutionProperties) = preSolution
		HideSolutionNode = FALSE
	EndGlobalSection
	GlobalSection(ExtensibilityGlobals) = postSolution
		SolutionGuid = {3BD553E6-F712-4D16-B976-40D71739163F}
	EndGlobalSection
EndGlobal
